{
  "requires": true,
  "lockfileVersion": 1,
  "dependencies": {
    "jquery": {
      "version": "3.2.1",
      "resolved": "https://registry.npmjs.org/jquery/-/jquery-3.2.1.tgz",
      "integrity": "sha1-XE2d5lKvbNCncBVKYxu6ErAVx4c="
    },
    "semantic-ui-css": {
      "version": "2.2.11",
      "resolved": "https://registry.npmjs.org/semantic-ui-css/-/semantic-ui-css-2.2.11.tgz",
      "integrity": "sha512-J8B0nyQ7UiCGRdhiZzQclgbqhIKEXQNjw+fqXUjZxwxy+uk/3K4X21tUb2aD9Cgi1nauQ4xLUhnNAdk2teua/A==",
      "requires": {
        "jquery": "3.2.1"
      }
    }
  }
}
